
Microsoft Visual Studio Solution File, Format Version 12.00
# Visual Studio Version 16
VisualStudioVersion = 16.0.31410.357
MinimumVisualStudioVersion = 10.0.40219.1
Project("{FAE04EC0-301F-11D3-BF4B-00C04F79EFBC}") = "ColorTokeniser", "ColorTokeniser.csproj", "{914A4474-16E0-44A4-ADCC-51DE11F7B9ED}"
EndProject
Global
	GlobalSection(SolutionConfigurationPlatforms) = preSolution
		Debug|Any CPU = Debug|Any CPU
		Release|Any CPU = Release|Any CPU
	EndGlobalSection
	GlobalSection(ProjectConfigurationPlatforms) = postSolution
		{914A4474-16E0-44A4-ADCC-51DE11F7B9ED}.Debug|Any CPU.ActiveCfg = Debug|Any CPU
		{914A4474-16E0-44A4-ADCC-51DE11F7B9ED}.Debug|Any CPU.Build.0 = Debug|Any CPU
		{914A4474-16E0-44A4-ADCC-51DE11F7B9ED}.Release|Any CPU.ActiveCfg = Release|Any CPU
		{914A4474-16E0-44A4-ADCC-51DE11F7B9ED}.Release|Any CPU.Build.0 = Release|Any CPU
	EndGlobalSection
	GlobalSection(SolutionProperties) = preSolution
		HideSolutionNode = FALSE
	EndGlobalSection
	GlobalSection(ExtensibilityGlobals) = postSolution
		SolutionGuid = {5071497D-5C41-46F7-B12C-4A95D9B867CD}
	EndGlobalSection
EndGlobal
